
Microsoft Visual Studio Solution File, Format Version 12.00
# Visual Studio Version 17
VisualStudioVersion = 17.8.34408.163
MinimumVisualStudioVersion = 10.0.40219.1
Project("{FAE04EC0-301F-11D3-BF4B-00C04F79EFBC}") = "Praktos2cisharp", "Praktos2cisharp\Praktos2cisharp.csproj", "{E57D81B0-8345-423E-8576-F22B2FD8083A}"
EndProject
Global
	GlobalSection(SolutionConfigurationPlatforms) = preSolution
		Debug|Any CPU = Debug|Any CPU
		Release|Any CPU = Release|Any CPU
	EndGlobalSection
	GlobalSection(ProjectConfigurationPlatforms) = postSolution
		{E57D81B0-8345-423E-8576-F22B2FD8083A}.Debug|Any CPU.ActiveCfg = Debug|Any CPU
		{E57D81B0-8345-423E-8576-F22B2FD8083A}.Debug|Any CPU.Build.0 = Debug|Any CPU
		{E57D81B0-8345-423E-8576-F22B2FD8083A}.Release|Any CPU.ActiveCfg = Release|Any CPU
		{E57D81B0-8345-423E-8576-F22B2FD8083A}.Release|Any CPU.Build.0 = Release|Any CPU
	EndGlobalSection
	GlobalSection(SolutionProperties) = preSolution
		HideSolutionNode = FALSE
	EndGlobalSection
	GlobalSection(ExtensibilityGlobals) = postSolution
		SolutionGuid = {70EB6F72-3F7D-483B-BDD2-C77E64111919}
	EndGlobalSection
EndGlobal
